// !$*UTF8*$!
{
	archiveVersion = 1;
	classes = {
	};
	objectVersion = 56;
	objects = {

/* Begin PBXBuildFile section */
		B5391C6799759F2925D704B2 /* Pods_Conexa_Challenge.framework in Frameworks */ = {isa = PBXBuildFile; fileRef = 4D21CABE66D8F8735D791F5A /* Pods_Conexa_Challenge.framework */; };
		C6399BD52C40641B00A9B859 /* NewsDetailsViewModel.swift in Sources */ = {isa = PBXBuildFile; fileRef = C6399BD42C40641B00A9B859 /* NewsDetailsViewModel.swift */; };
		C6399BD72C40748900A9B859 /* MapListsViewModel.swift in Sources */ = {isa = PBXBuildFile; fileRef = C6399BD62C40748900A9B859 /* MapListsViewModel.swift */; };
		C6399BD92C4074A800A9B859 /* MapDataViewModel.swift in Sources */ = {isa = PBXBuildFile; fileRef = C6399BD82C4074A800A9B859 /* MapDataViewModel.swift */; };
		C6399BDB2C4074C600A9B859 /* MapDetailsViewModel.swift in Sources */ = {isa = PBXBuildFile; fileRef = C6399BDA2C4074C600A9B859 /* MapDetailsViewModel.swift */; };
		C6418C742C40566400B91531 /* FilterType.swift in Sources */ = {isa = PBXBuildFile; fileRef = C6418C732C40566400B91531 /* FilterType.swift */; };
		C6C11E082C41AE4B005D8F06 /* TabBarControllerTests.swift in Sources */ = {isa = PBXBuildFile; fileRef = C6C11E072C41AE4B005D8F06 /* TabBarControllerTests.swift */; };
		C6C11E0A2C41B236005D8F06 /* ConstantsTests.swift in Sources */ = {isa = PBXBuildFile; fileRef = C6C11E092C41B236005D8F06 /* ConstantsTests.swift */; };
		C6C11E0C2C41B4A2005D8F06 /* TabBarItemEnumTests.swift in Sources */ = {isa = PBXBuildFile; fileRef = C6C11E0B2C41B4A2005D8F06 /* TabBarItemEnumTests.swift */; };
		C6C11E0E2C41E599005D8F06 /* UserDataTests.swift in Sources */ = {isa = PBXBuildFile; fileRef = C6C11E0D2C41E599005D8F06 /* UserDataTests.swift */; };
		C6C11E102C41E7A4005D8F06 /* APIServiceTests.swift in Sources */ = {isa = PBXBuildFile; fileRef = C6C11E0F2C41E7A4005D8F06 /* APIServiceTests.swift */; };
		C6C11E122C41E7BA005D8F06 /* RequestModelTests.swift in Sources */ = {isa = PBXBuildFile; fileRef = C6C11E112C41E7BA005D8F06 /* RequestModelTests.swift */; };
		C6C11E142C41E7D6005D8F06 /* NetworkErrorTests.swift in Sources */ = {isa = PBXBuildFile; fileRef = C6C11E132C41E7D6005D8F06 /* NetworkErrorTests.swift */; };
		C6C11E162C41E822005D8F06 /* MapListViewModelTests.swift in Sources */ = {isa = PBXBuildFile; fileRef = C6C11E152C41E822005D8F06 /* MapListViewModelTests.swift */; };
		C6C11E182C41E861005D8F06 /* MapDataViewModelTests.swift in Sources */ = {isa = PBXBuildFile; fileRef = C6C11E172C41E861005D8F06 /* MapDataViewModelTests.swift */; };
		C6C11E1A2C41E880005D8F06 /* MapDetailsViewModelTests.swift in Sources */ = {isa = PBXBuildFile; fileRef = C6C11E192C41E880005D8F06 /* MapDetailsViewModelTests.swift */; };
		C6C11E1C2C41E89A005D8F06 /* MapDetailsViewControllerTests.swift in Sources */ = {isa = PBXBuildFile; fileRef = C6C11E1B2C41E89A005D8F06 /* MapDetailsViewControllerTests.swift */; };
		C6C11E1E2C41E8AB005D8F06 /* MapListViewControllerTests.swift in Sources */ = {isa = PBXBuildFile; fileRef = C6C11E1D2C41E8AB005D8F06 /* MapListViewControllerTests.swift */; };
		C6C11E202C41E8CB005D8F06 /* HomeViewControllerTests.swift in Sources */ = {isa = PBXBuildFile; fileRef = C6C11E1F2C41E8CB005D8F06 /* HomeViewControllerTests.swift */; };
		C6C11E222C41E907005D8F06 /* NewsListViewControllerTests.swift in Sources */ = {isa = PBXBuildFile; fileRef = C6C11E212C41E907005D8F06 /* NewsListViewControllerTests.swift */; };
		C6C11E242C41E913005D8F06 /* NewsDetailsViewControllerTests.swift in Sources */ = {isa = PBXBuildFile; fileRef = C6C11E232C41E913005D8F06 /* NewsDetailsViewControllerTests.swift */; };
		C6C11E262C41E924005D8F06 /* NewsDetailsViewModelTests.swift in Sources */ = {isa = PBXBuildFile; fileRef = C6C11E252C41E924005D8F06 /* NewsDetailsViewModelTests.swift */; };
		C6C11E282C41E93A005D8F06 /* NewsListViewModelTests.swift in Sources */ = {isa = PBXBuildFile; fileRef = C6C11E272C41E93A005D8F06 /* NewsListViewModelTests.swift */; };
		C6C11E2A2C41E95D005D8F06 /* NewsDataViewModelTests.swift in Sources */ = {isa = PBXBuildFile; fileRef = C6C11E292C41E95D005D8F06 /* NewsDataViewModelTests.swift */; };
		C6C11E2C2C41E9AB005D8F06 /* NewsDatalTests.swift in Sources */ = {isa = PBXBuildFile; fileRef = C6C11E2B2C41E9AB005D8F06 /* NewsDatalTests.swift */; };
		C6C11E302C41F8F7005D8F06 /* APIServiceMock.swift in Sources */ = {isa = PBXBuildFile; fileRef = C6C11E2F2C41F8F7005D8F06 /* APIServiceMock.swift */; };
		C6ED1C582C3E1B5A00510BFB /* AppDelegate.swift in Sources */ = {isa = PBXBuildFile; fileRef = C6ED1C572C3E1B5A00510BFB /* AppDelegate.swift */; };
		C6ED1C5A2C3E1B5A00510BFB /* SceneDelegate.swift in Sources */ = {isa = PBXBuildFile; fileRef = C6ED1C592C3E1B5A00510BFB /* SceneDelegate.swift */; };
		C6ED1C612C3E1B5A00510BFB /* Assets.xcassets in Resources */ = {isa = PBXBuildFile; fileRef = C6ED1C602C3E1B5A00510BFB /* Assets.xcassets */; };
		C6ED1C642C3E1B5A00510BFB /* Base in Resources */ = {isa = PBXBuildFile; fileRef = C6ED1C632C3E1B5A00510BFB /* Base */; };
		C6ED1C742C3E207E00510BFB /* UserData.swift in Sources */ = {isa = PBXBuildFile; fileRef = C6ED1C732C3E207E00510BFB /* UserData.swift */; };
		C6ED1C772C3E209600510BFB /* HomeViewController.swift in Sources */ = {isa = PBXBuildFile; fileRef = C6ED1C752C3E209600510BFB /* HomeViewController.swift */; };
		C6ED1C782C3E209600510BFB /* HomeViewController.xib in Resources */ = {isa = PBXBuildFile; fileRef = C6ED1C762C3E209600510BFB /* HomeViewController.xib */; };
		C6ED1C7D2C3E20C000510BFB /* NewsData.swift in Sources */ = {isa = PBXBuildFile; fileRef = C6ED1C7C2C3E20C000510BFB /* NewsData.swift */; };
		C6ED1C822C3E20EE00510BFB /* NewsDetailsViewController.swift in Sources */ = {isa = PBXBuildFile; fileRef = C6ED1C802C3E20EE00510BFB /* NewsDetailsViewController.swift */; };
		C6ED1C832C3E20EE00510BFB /* NewsDetailsViewController.xib in Resources */ = {isa = PBXBuildFile; fileRef = C6ED1C812C3E20EE00510BFB /* NewsDetailsViewController.xib */; };
		C6ED1C862C3E210000510BFB /* NewsListViewController.swift in Sources */ = {isa = PBXBuildFile; fileRef = C6ED1C842C3E210000510BFB /* NewsListViewController.swift */; };
		C6ED1C872C3E210000510BFB /* NewsListViewController.xib in Resources */ = {isa = PBXBuildFile; fileRef = C6ED1C852C3E210000510BFB /* NewsListViewController.xib */; };
		C6ED1C8A2C3E212000510BFB /* MapListViewController.swift in Sources */ = {isa = PBXBuildFile; fileRef = C6ED1C882C3E212000510BFB /* MapListViewController.swift */; };
		C6ED1C8B2C3E212000510BFB /* MapListViewController.xib in Resources */ = {isa = PBXBuildFile; fileRef = C6ED1C892C3E212000510BFB /* MapListViewController.xib */; };
		C6ED1C8E2C3E213900510BFB /* MapDetailsViewController.swift in Sources */ = {isa = PBXBuildFile; fileRef = C6ED1C8C2C3E213900510BFB /* MapDetailsViewController.swift */; };
		C6ED1C8F2C3E213900510BFB /* MapDetailsViewController.xib in Resources */ = {isa = PBXBuildFile; fileRef = C6ED1C8D2C3E213900510BFB /* MapDetailsViewController.xib */; };
		C6F1406F2C3ED4B700FD1083 /* TabBarController.swift in Sources */ = {isa = PBXBuildFile; fileRef = C6F1406E2C3ED4B700FD1083 /* TabBarController.swift */; };
		C6F140712C3EECEA00FD1083 /* Constants.swift in Sources */ = {isa = PBXBuildFile; fileRef = C6F140702C3EECEA00FD1083 /* Constants.swift */; };
		C6F140732C3F1FBE00FD1083 /* APIService.swift in Sources */ = {isa = PBXBuildFile; fileRef = C6F140722C3F1FBE00FD1083 /* APIService.swift */; };
		C6F140792C3F3DE000FD1083 /* TabBarItemEnum.swift in Sources */ = {isa = PBXBuildFile; fileRef = C6F140782C3F3DE000FD1083 /* TabBarItemEnum.swift */; };
		C6F1407B2C3F454E00FD1083 /* RequestModel.swift in Sources */ = {isa = PBXBuildFile; fileRef = C6F1407A2C3F454E00FD1083 /* RequestModel.swift */; };
		C6F1407F2C3F45B900FD1083 /* NetworkError.swift in Sources */ = {isa = PBXBuildFile; fileRef = C6F1407E2C3F45B900FD1083 /* NetworkError.swift */; };
		C6F140812C3F4F7500FD1083 /* NewsListViewModel.swift in Sources */ = {isa = PBXBuildFile; fileRef = C6F140802C3F4F7500FD1083 /* NewsListViewModel.swift */; };
		C6F140832C3F4F8700FD1083 /* NewsDataViewModel.swift in Sources */ = {isa = PBXBuildFile; fileRef = C6F140822C3F4F8700FD1083 /* NewsDataViewModel.swift */; };
/* End PBXBuildFile section */

/* Begin PBXContainerItemProxy section */
		C6C11DFD2C41AAEF005D8F06 /* PBXContainerItemProxy */ = {
			isa = PBXContainerItemProxy;
			containerPortal = C6ED1C4C2C3E1B5A00510BFB /* Project object */;
			proxyType = 1;
			remoteGlobalIDString = C6ED1C532C3E1B5A00510BFB;
			remoteInfo = "Conexa-Challenge";
		};
/* End PBXContainerItemProxy section */

/* Begin PBXFileReference section */
		4D21CABE66D8F8735D791F5A /* Pods_Conexa_Challenge.framework */ = {isa = PBXFileReference; explicitFileType = wrapper.framework; includeInIndex = 0; path = Pods_Conexa_Challenge.framework; sourceTree = BUILT_PRODUCTS_DIR; };
		A444001B973779754D31374A /* Pods-Conexa-Challenge.debug.xcconfig */ = {isa = PBXFileReference; includeInIndex = 1; lastKnownFileType = text.xcconfig; name = "Pods-Conexa-Challenge.debug.xcconfig"; path = "Target Support Files/Pods-Conexa-Challenge/Pods-Conexa-Challenge.debug.xcconfig"; sourceTree = "<group>"; };
		B95ECE7762ACD0FED1DBD986 /* Pods-Conexa-Challenge.release.xcconfig */ = {isa = PBXFileReference; includeInIndex = 1; lastKnownFileType = text.xcconfig; name = "Pods-Conexa-Challenge.release.xcconfig"; path = "Target Support Files/Pods-Conexa-Challenge/Pods-Conexa-Challenge.release.xcconfig"; sourceTree = "<group>"; };
		C6399BD42C40641B00A9B859 /* NewsDetailsViewModel.swift */ = {isa = PBXFileReference; lastKnownFileType = sourcecode.swift; path = NewsDetailsViewModel.swift; sourceTree = "<group>"; };
		C6399BD62C40748900A9B859 /* MapListsViewModel.swift */ = {isa = PBXFileReference; lastKnownFileType = sourcecode.swift; path = MapListsViewModel.swift; sourceTree = "<group>"; };
		C6399BD82C4074A800A9B859 /* MapDataViewModel.swift */ = {isa = PBXFileReference; lastKnownFileType = sourcecode.swift; path = MapDataViewModel.swift; sourceTree = "<group>"; };
		C6399BDA2C4074C600A9B859 /* MapDetailsViewModel.swift */ = {isa = PBXFileReference; lastKnownFileType = sourcecode.swift; path = MapDetailsViewModel.swift; sourceTree = "<group>"; };
		C6418C732C40566400B91531 /* FilterType.swift */ = {isa = PBXFileReference; lastKnownFileType = sourcecode.swift; path = FilterType.swift; sourceTree = "<group>"; };
		C6C11DF92C41AAEF005D8F06 /* Conexa-ChallengeTests.xctest */ = {isa = PBXFileReference; explicitFileType = wrapper.cfbundle; includeInIndex = 0; path = "Conexa-ChallengeTests.xctest"; sourceTree = BUILT_PRODUCTS_DIR; };
		C6C11E072C41AE4B005D8F06 /* TabBarControllerTests.swift */ = {isa = PBXFileReference; lastKnownFileType = sourcecode.swift; path = TabBarControllerTests.swift; sourceTree = "<group>"; };
		C6C11E092C41B236005D8F06 /* ConstantsTests.swift */ = {isa = PBXFileReference; lastKnownFileType = sourcecode.swift; path = ConstantsTests.swift; sourceTree = "<group>"; };
		C6C11E0B2C41B4A2005D8F06 /* TabBarItemEnumTests.swift */ = {isa = PBXFileReference; lastKnownFileType = sourcecode.swift; path = TabBarItemEnumTests.swift; sourceTree = "<group>"; };
		C6C11E0D2C41E599005D8F06 /* UserDataTests.swift */ = {isa = PBXFileReference; lastKnownFileType = sourcecode.swift; path = UserDataTests.swift; sourceTree = "<group>"; };
		C6C11E0F2C41E7A4005D8F06 /* APIServiceTests.swift */ = {isa = PBXFileReference; lastKnownFileType = sourcecode.swift; path = APIServiceTests.swift; sourceTree = "<group>"; };
		C6C11E112C41E7BA005D8F06 /* RequestModelTests.swift */ = {isa = PBXFileReference; lastKnownFileType = sourcecode.swift; path = RequestModelTests.swift; sourceTree = "<group>"; };
		C6C11E132C41E7D6005D8F06 /* NetworkErrorTests.swift */ = {isa = PBXFileReference; lastKnownFileType = sourcecode.swift; path = NetworkErrorTests.swift; sourceTree = "<group>"; };
		C6C11E152C41E822005D8F06 /* MapListViewModelTests.swift */ = {isa = PBXFileReference; lastKnownFileType = sourcecode.swift; path = MapListViewModelTests.swift; sourceTree = "<group>"; };
		C6C11E172C41E861005D8F06 /* MapDataViewModelTests.swift */ = {isa = PBXFileReference; lastKnownFileType = sourcecode.swift; path = MapDataViewModelTests.swift; sourceTree = "<group>"; };
		C6C11E192C41E880005D8F06 /* MapDetailsViewModelTests.swift */ = {isa = PBXFileReference; lastKnownFileType = sourcecode.swift; path = MapDetailsViewModelTests.swift; sourceTree = "<group>"; };
		C6C11E1B2C41E89A005D8F06 /* MapDetailsViewControllerTests.swift */ = {isa = PBXFileReference; lastKnownFileType = sourcecode.swift; path = MapDetailsViewControllerTests.swift; sourceTree = "<group>"; };
		C6C11E1D2C41E8AB005D8F06 /* MapListViewControllerTests.swift */ = {isa = PBXFileReference; lastKnownFileType = sourcecode.swift; path = MapListViewControllerTests.swift; sourceTree = "<group>"; };
		C6C11E1F2C41E8CB005D8F06 /* HomeViewControllerTests.swift */ = {isa = PBXFileReference; lastKnownFileType = sourcecode.swift; path = HomeViewControllerTests.swift; sourceTree = "<group>"; };
		C6C11E212C41E907005D8F06 /* NewsListViewControllerTests.swift */ = {isa = PBXFileReference; lastKnownFileType = sourcecode.swift; path = NewsListViewControllerTests.swift; sourceTree = "<group>"; };
		C6C11E232C41E913005D8F06 /* NewsDetailsViewControllerTests.swift */ = {isa = PBXFileReference; lastKnownFileType = sourcecode.swift; path = NewsDetailsViewControllerTests.swift; sourceTree = "<group>"; };
		C6C11E252C41E924005D8F06 /* NewsDetailsViewModelTests.swift */ = {isa = PBXFileReference; lastKnownFileType = sourcecode.swift; path = NewsDetailsViewModelTests.swift; sourceTree = "<group>"; };
		C6C11E272C41E93A005D8F06 /* NewsListViewModelTests.swift */ = {isa = PBXFileReference; lastKnownFileType = sourcecode.swift; path = NewsListViewModelTests.swift; sourceTree = "<group>"; };
		C6C11E292C41E95D005D8F06 /* NewsDataViewModelTests.swift */ = {isa = PBXFileReference; lastKnownFileType = sourcecode.swift; path = NewsDataViewModelTests.swift; sourceTree = "<group>"; };
		C6C11E2B2C41E9AB005D8F06 /* NewsDatalTests.swift */ = {isa = PBXFileReference; lastKnownFileType = sourcecode.swift; path = NewsDatalTests.swift; sourceTree = "<group>"; };
		C6C11E2F2C41F8F7005D8F06 /* APIServiceMock.swift */ = {isa = PBXFileReference; lastKnownFileType = sourcecode.swift; path = APIServiceMock.swift; sourceTree = "<group>"; };
		C6ED1C542C3E1B5A00510BFB /* Conexa-Challenge.app */ = {isa = PBXFileReference; explicitFileType = wrapper.application; includeInIndex = 0; path = "Conexa-Challenge.app"; sourceTree = BUILT_PRODUCTS_DIR; };
		C6ED1C572C3E1B5A00510BFB /* AppDelegate.swift */ = {isa = PBXFileReference; lastKnownFileType = sourcecode.swift; path = AppDelegate.swift; sourceTree = "<group>"; };
		C6ED1C592C3E1B5A00510BFB /* SceneDelegate.swift */ = {isa = PBXFileReference; lastKnownFileType = sourcecode.swift; path = SceneDelegate.swift; sourceTree = "<group>"; };
		C6ED1C602C3E1B5A00510BFB /* Assets.xcassets */ = {isa = PBXFileReference; lastKnownFileType = folder.assetcatalog; path = Assets.xcassets; sourceTree = "<group>"; };
		C6ED1C632C3E1B5A00510BFB /* Base */ = {isa = PBXFileReference; lastKnownFileType = file.storyboard; name = Base; path = Base.lproj/LaunchScreen.storyboard; sourceTree = "<group>"; };
		C6ED1C652C3E1B5A00510BFB /* Info.plist */ = {isa = PBXFileReference; lastKnownFileType = text.plist.xml; path = Info.plist; sourceTree = "<group>"; };
		C6ED1C732C3E207E00510BFB /* UserData.swift */ = {isa = PBXFileReference; lastKnownFileType = sourcecode.swift; path = UserData.swift; sourceTree = "<group>"; };
		C6ED1C752C3E209600510BFB /* HomeViewController.swift */ = {isa = PBXFileReference; lastKnownFileType = sourcecode.swift; path = HomeViewController.swift; sourceTree = "<group>"; };
		C6ED1C762C3E209600510BFB /* HomeViewController.xib */ = {isa = PBXFileReference; lastKnownFileType = file.xib; path = HomeViewController.xib; sourceTree = "<group>"; };
		C6ED1C7C2C3E20C000510BFB /* NewsData.swift */ = {isa = PBXFileReference; lastKnownFileType = sourcecode.swift; path = NewsData.swift; sourceTree = "<group>"; };
		C6ED1C802C3E20EE00510BFB /* NewsDetailsViewController.swift */ = {isa = PBXFileReference; lastKnownFileType = sourcecode.swift; path = NewsDetailsViewController.swift; sourceTree = "<group>"; };
		C6ED1C812C3E20EE00510BFB /* NewsDetailsViewController.xib */ = {isa = PBXFileReference; lastKnownFileType = file.xib; path = NewsDetailsViewController.xib; sourceTree = "<group>"; };
		C6ED1C842C3E210000510BFB /* NewsListViewController.swift */ = {isa = PBXFileReference; lastKnownFileType = sourcecode.swift; path = NewsListViewController.swift; sourceTree = "<group>"; };
		C6ED1C852C3E210000510BFB /* NewsListViewController.xib */ = {isa = PBXFileReference; lastKnownFileType = file.xib; path = NewsListViewController.xib; sourceTree = "<group>"; };
		C6ED1C882C3E212000510BFB /* MapListViewController.swift */ = {isa = PBXFileReference; lastKnownFileType = sourcecode.swift; path = MapListViewController.swift; sourceTree = "<group>"; };
		C6ED1C892C3E212000510BFB /* MapListViewController.xib */ = {isa = PBXFileReference; lastKnownFileType = file.xib; path = MapListViewController.xib; sourceTree = "<group>"; };
		C6ED1C8C2C3E213900510BFB /* MapDetailsViewController.swift */ = {isa = PBXFileReference; lastKnownFileType = sourcecode.swift; path = MapDetailsViewController.swift; sourceTree = "<group>"; };
		C6ED1C8D2C3E213900510BFB /* MapDetailsViewController.xib */ = {isa = PBXFileReference; lastKnownFileType = file.xib; path = MapDetailsViewController.xib; sourceTree = "<group>"; };
		C6F1406E2C3ED4B700FD1083 /* TabBarController.swift */ = {isa = PBXFileReference; lastKnownFileType = sourcecode.swift; path = TabBarController.swift; sourceTree = "<group>"; };
		C6F140702C3EECEA00FD1083 /* Constants.swift */ = {isa = PBXFileReference; lastKnownFileType = sourcecode.swift; path = Constants.swift; sourceTree = "<group>"; };
		C6F140722C3F1FBE00FD1083 /* APIService.swift */ = {isa = PBXFileReference; lastKnownFileType = sourcecode.swift; path = APIService.swift; sourceTree = "<group>"; };
		C6F140782C3F3DE000FD1083 /* TabBarItemEnum.swift */ = {isa = PBXFileReference; lastKnownFileType = sourcecode.swift; path = TabBarItemEnum.swift; sourceTree = "<group>"; };
		C6F1407A2C3F454E00FD1083 /* RequestModel.swift */ = {isa = PBXFileReference; lastKnownFileType = sourcecode.swift; path = RequestModel.swift; sourceTree = "<group>"; };
		C6F1407E2C3F45B900FD1083 /* NetworkError.swift */ = {isa = PBXFileReference; lastKnownFileType = sourcecode.swift; path = NetworkError.swift; sourceTree = "<group>"; };
		C6F140802C3F4F7500FD1083 /* NewsListViewModel.swift */ = {isa = PBXFileReference; lastKnownFileType = sourcecode.swift; path = NewsListViewModel.swift; sourceTree = "<group>"; };
		C6F140822C3F4F8700FD1083 /* NewsDataViewModel.swift */ = {isa = PBXFileReference; lastKnownFileType = sourcecode.swift; path = NewsDataViewModel.swift; sourceTree = "<group>"; };
/* End PBXFileReference section */

/* Begin PBXFrameworksBuildPhase section */
		C6C11DF62C41AAEF005D8F06 /* Frameworks */ = {
			isa = PBXFrameworksBuildPhase;
			buildActionMask = 2147483647;
			files = (
			);
			runOnlyForDeploymentPostprocessing = 0;
		};
		C6ED1C512C3E1B5A00510BFB /* Frameworks */ = {
			isa = PBXFrameworksBuildPhase;
			buildActionMask = 2147483647;
			files = (
				B5391C6799759F2925D704B2 /* Pods_Conexa_Challenge.framework in Frameworks */,
			);
			runOnlyForDeploymentPostprocessing = 0;
		};
/* End PBXFrameworksBuildPhase section */

/* Begin PBXGroup section */
		1E7D5FF968E4132640164524 /* Frameworks */ = {
			isa = PBXGroup;
			children = (
				4D21CABE66D8F8735D791F5A /* Pods_Conexa_Challenge.framework */,
			);
			name = Frameworks;
			sourceTree = "<group>";
		};
		4D2F8FB7B1697C3051C48AE2 /* Pods */ = {
			isa = PBXGroup;
			children = (
				A444001B973779754D31374A /* Pods-Conexa-Challenge.debug.xcconfig */,
				B95ECE7762ACD0FED1DBD986 /* Pods-Conexa-Challenge.release.xcconfig */,
			);
			path = Pods;
			sourceTree = "<group>";
		};
		C6C11DFA2C41AAEF005D8F06 /* Conexa-ChallengeTests */ = {
			isa = PBXGroup;
			children = (
				C6C11E022C41AD78005D8F06 /* HelperTests */,
				C6C11E032C41AD80005D8F06 /* APIServiceTests */,
				C6C11E042C41AD90005D8F06 /* MapTests */,
				C6C11E052C41ADCB005D8F06 /* HomeTests */,
				C6C11E062C41ADDB005D8F06 /* NewsTests */,
			);
			path = "Conexa-ChallengeTests";
			sourceTree = "<group>";
		};
		C6C11E022C41AD78005D8F06 /* HelperTests */ = {
			isa = PBXGroup;
			children = (
				C6C11E072C41AE4B005D8F06 /* TabBarControllerTests.swift */,
				C6C11E092C41B236005D8F06 /* ConstantsTests.swift */,
				C6C11E0B2C41B4A2005D8F06 /* TabBarItemEnumTests.swift */,
			);
			path = HelperTests;
			sourceTree = "<group>";
		};
		C6C11E032C41AD80005D8F06 /* APIServiceTests */ = {
			isa = PBXGroup;
			children = (
				C6C11E0F2C41E7A4005D8F06 /* APIServiceTests.swift */,
				C6C11E112C41E7BA005D8F06 /* RequestModelTests.swift */,
				C6C11E132C41E7D6005D8F06 /* NetworkErrorTests.swift */,
			);
			path = APIServiceTests;
			sourceTree = "<group>";
		};
		C6C11E042C41AD90005D8F06 /* MapTests */ = {
			isa = PBXGroup;
			children = (
				C6C11E0D2C41E599005D8F06 /* UserDataTests.swift */,
				C6C11E172C41E861005D8F06 /* MapDataViewModelTests.swift */,
				C6C11E152C41E822005D8F06 /* MapListViewModelTests.swift */,
				C6C11E1D2C41E8AB005D8F06 /* MapListViewControllerTests.swift */,
				C6C11E192C41E880005D8F06 /* MapDetailsViewModelTests.swift */,
				C6C11E1B2C41E89A005D8F06 /* MapDetailsViewControllerTests.swift */,
			);
			path = MapTests;
			sourceTree = "<group>";
		};
		C6C11E052C41ADCB005D8F06 /* HomeTests */ = {
			isa = PBXGroup;
			children = (
				C6C11E1F2C41E8CB005D8F06 /* HomeViewControllerTests.swift */,
			);
			path = HomeTests;
			sourceTree = "<group>";
		};
		C6C11E062C41ADDB005D8F06 /* NewsTests */ = {
			isa = PBXGroup;
			children = (
				C6C11E2B2C41E9AB005D8F06 /* NewsDatalTests.swift */,
				C6C11E292C41E95D005D8F06 /* NewsDataViewModelTests.swift */,
				C6C11E272C41E93A005D8F06 /* NewsListViewModelTests.swift */,
				C6C11E212C41E907005D8F06 /* NewsListViewControllerTests.swift */,
				C6C11E252C41E924005D8F06 /* NewsDetailsViewModelTests.swift */,
				C6C11E232C41E913005D8F06 /* NewsDetailsViewControllerTests.swift */,
			);
			path = NewsTests;
			sourceTree = "<group>";
		};
		C6ED1C4B2C3E1B5A00510BFB = {
			isa = PBXGroup;
			children = (
				C6ED1C562C3E1B5A00510BFB /* Conexa-Challenge */,
				C6C11DFA2C41AAEF005D8F06 /* Conexa-ChallengeTests */,
				C6ED1C552C3E1B5A00510BFB /* Products */,
				4D2F8FB7B1697C3051C48AE2 /* Pods */,
				1E7D5FF968E4132640164524 /* Frameworks */,
			);
			sourceTree = "<group>";
		};
		C6ED1C552C3E1B5A00510BFB /* Products */ = {
			isa = PBXGroup;
			children = (
				C6ED1C542C3E1B5A00510BFB /* Conexa-Challenge.app */,
				C6C11DF92C41AAEF005D8F06 /* Conexa-ChallengeTests.xctest */,
			);
			name = Products;
			sourceTree = "<group>";
		};
		C6ED1C562C3E1B5A00510BFB /* Conexa-Challenge */ = {
			isa = PBXGroup;
			children = (
				C6F140762C3F3DAE00FD1083 /* Helper */,
				C6ED1C6E2C3E1FA300510BFB /* APIService */,
				C6ED1C6D2C3E1F9800510BFB /* Map */,
				C6ED1C6C2C3E1F8600510BFB /* Home */,
				C6ED1C6B2C3E1F7500510BFB /* News */,
				C6F1406D2C3ED35800FD1083 /* Supporting */,
				C6ED1C652C3E1B5A00510BFB /* Info.plist */,
			);
			path = "Conexa-Challenge";
			sourceTree = "<group>";
		};
		C6ED1C6B2C3E1F7500510BFB /* News */ = {
			isa = PBXGroup;
			children = (
				C6ED1C7A2C3E20A800510BFB /* Model */,
				C6ED1C7B2C3E20AC00510BFB /* View */,
				C6F140742C3F35B500FD1083 /* ViewModel */,
			);
			path = News;
			sourceTree = "<group>";
		};
		C6ED1C6C2C3E1F8600510BFB /* Home */ = {
			isa = PBXGroup;
			children = (
				C6ED1C792C3E209C00510BFB /* View */,
			);
			path = Home;
			sourceTree = "<group>";
		};
		C6ED1C6D2C3E1F9800510BFB /* Map */ = {
			isa = PBXGroup;
			children = (
				C6ED1C722C3E205800510BFB /* Model */,
				C6ED1C702C3E202600510BFB /* View */,
				C6F140752C3F35CE00FD1083 /* ViewModel */,
			);
			path = Map;
			sourceTree = "<group>";
		};
		C6ED1C6E2C3E1FA300510BFB /* APIService */ = {
			isa = PBXGroup;
			children = (
				C6F140722C3F1FBE00FD1083 /* APIService.swift */,
				C6C11E2F2C41F8F7005D8F06 /* APIServiceMock.swift */,
				C6F1407A2C3F454E00FD1083 /* RequestModel.swift */,
				C6F1407E2C3F45B900FD1083 /* NetworkError.swift */,
			);
			path = APIService;
			sourceTree = "<group>";
		};
		C6ED1C6F2C3E201C00510BFB /* Map-List */ = {
			isa = PBXGroup;
			children = (
				C6ED1C882C3E212000510BFB /* MapListViewController.swift */,
				C6ED1C892C3E212000510BFB /* MapListViewController.xib */,
			);
			path = "Map-List";
			sourceTree = "<group>";
		};
		C6ED1C702C3E202600510BFB /* View */ = {
			isa = PBXGroup;
			children = (
				C6ED1C712C3E203700510BFB /* Map-Details */,
				C6ED1C6F2C3E201C00510BFB /* Map-List */,
			);
			path = View;
			sourceTree = "<group>";
		};
		C6ED1C712C3E203700510BFB /* Map-Details */ = {
			isa = PBXGroup;
			children = (
				C6ED1C8C2C3E213900510BFB /* MapDetailsViewController.swift */,
				C6ED1C8D2C3E213900510BFB /* MapDetailsViewController.xib */,
			);
			path = "Map-Details";
			sourceTree = "<group>";
		};
		C6ED1C722C3E205800510BFB /* Model */ = {
			isa = PBXGroup;
			children = (
				C6ED1C732C3E207E00510BFB /* UserData.swift */,
			);
			path = Model;
			sourceTree = "<group>";
		};
		C6ED1C792C3E209C00510BFB /* View */ = {
			isa = PBXGroup;
			children = (
				C6ED1C752C3E209600510BFB /* HomeViewController.swift */,
				C6ED1C762C3E209600510BFB /* HomeViewController.xib */,
			);
			path = View;
			sourceTree = "<group>";
		};
		C6ED1C7A2C3E20A800510BFB /* Model */ = {
			isa = PBXGroup;
			children = (
				C6ED1C7C2C3E20C000510BFB /* NewsData.swift */,
			);
			path = Model;
			sourceTree = "<group>";
		};
		C6ED1C7B2C3E20AC00510BFB /* View */ = {
			isa = PBXGroup;
			children = (
				C6ED1C7F2C3E20D000510BFB /* News-Details */,
				C6ED1C7E2C3E20C400510BFB /* News-Search */,
			);
			path = View;
			sourceTree = "<group>";
		};
		C6ED1C7E2C3E20C400510BFB /* News-Search */ = {
			isa = PBXGroup;
			children = (
				C6ED1C842C3E210000510BFB /* NewsListViewController.swift */,
				C6ED1C852C3E210000510BFB /* NewsListViewController.xib */,
			);
			path = "News-Search";
			sourceTree = "<group>";
		};
		C6ED1C7F2C3E20D000510BFB /* News-Details */ = {
			isa = PBXGroup;
			children = (
				C6ED1C802C3E20EE00510BFB /* NewsDetailsViewController.swift */,
				C6ED1C812C3E20EE00510BFB /* NewsDetailsViewController.xib */,
			);
			path = "News-Details";
			sourceTree = "<group>";
		};
		C6F1406D2C3ED35800FD1083 /* Supporting */ = {
			isa = PBXGroup;
			children = (
				C6ED1C572C3E1B5A00510BFB /* AppDelegate.swift */,
				C6ED1C592C3E1B5A00510BFB /* SceneDelegate.swift */,
				C6ED1C602C3E1B5A00510BFB /* Assets.xcassets */,
				C6ED1C622C3E1B5A00510BFB /* LaunchScreen.storyboard */,
			);
			path = Supporting;
			sourceTree = "<group>";
		};
		C6F140742C3F35B500FD1083 /* ViewModel */ = {
			isa = PBXGroup;
			children = (
				C6F140802C3F4F7500FD1083 /* NewsListViewModel.swift */,
				C6F140822C3F4F8700FD1083 /* NewsDataViewModel.swift */,
				C6399BD42C40641B00A9B859 /* NewsDetailsViewModel.swift */,
			);
			path = ViewModel;
			sourceTree = "<group>";
		};
		C6F140752C3F35CE00FD1083 /* ViewModel */ = {
			isa = PBXGroup;
			children = (
				C6399BD62C40748900A9B859 /* MapListsViewModel.swift */,
				C6399BD82C4074A800A9B859 /* MapDataViewModel.swift */,
				C6399BDA2C4074C600A9B859 /* MapDetailsViewModel.swift */,
			);
			path = ViewModel;
			sourceTree = "<group>";
		};
		C6F140762C3F3DAE00FD1083 /* Helper */ = {
			isa = PBXGroup;
			children = (
				C6F140702C3EECEA00FD1083 /* Constants.swift */,
				C6F1406E2C3ED4B700FD1083 /* TabBarController.swift */,
				C6F140772C3F3DB900FD1083 /* Enums */,
			);
			path = Helper;
			sourceTree = "<group>";
		};
		C6F140772C3F3DB900FD1083 /* Enums */ = {
			isa = PBXGroup;
			children = (
				C6F140782C3F3DE000FD1083 /* TabBarItemEnum.swift */,
				C6418C732C40566400B91531 /* FilterType.swift */,
			);
			path = Enums;
			sourceTree = "<group>";
		};
/* End PBXGroup section */

/* Begin PBXNativeTarget section */
		C6C11DF82C41AAEF005D8F06 /* Conexa-ChallengeTests */ = {
			isa = PBXNativeTarget;
			buildConfigurationList = C6C11DFF2C41AAEF005D8F06 /* Build configuration list for PBXNativeTarget "Conexa-ChallengeTests" */;
			buildPhases = (
				C6C11DF52C41AAEF005D8F06 /* Sources */,
				C6C11DF62C41AAEF005D8F06 /* Frameworks */,
				C6C11DF72C41AAEF005D8F06 /* Resources */,
			);
			buildRules = (
			);
			dependencies = (
				C6C11DFE2C41AAEF005D8F06 /* PBXTargetDependency */,
			);
			name = "Conexa-ChallengeTests";
			productName = "Conexa-ChallengeTests";
			productReference = C6C11DF92C41AAEF005D8F06 /* Conexa-ChallengeTests.xctest */;
			productType = "com.apple.product-type.bundle.unit-test";
		};
		C6ED1C532C3E1B5A00510BFB /* Conexa-Challenge */ = {
			isa = PBXNativeTarget;
			buildConfigurationList = C6ED1C682C3E1B5A00510BFB /* Build configuration list for PBXNativeTarget "Conexa-Challenge" */;
			buildPhases = (
				B3447E935A0AADFA6A200C5B /* [CP] Check Pods Manifest.lock */,
				C6ED1C502C3E1B5A00510BFB /* Sources */,
				C6ED1C512C3E1B5A00510BFB /* Frameworks */,
				C6ED1C522C3E1B5A00510BFB /* Resources */,
				8BEA24F7B8F1D33EA46BFF52 /* [CP] Copy Pods Resources */,
			);
			buildRules = (
			);
			dependencies = (
			);
			name = "Conexa-Challenge";
			productName = "Conexa-Challenge";
			productReference = C6ED1C542C3E1B5A00510BFB /* Conexa-Challenge.app */;
			productType = "com.apple.product-type.application";
		};
/* End PBXNativeTarget section */

/* Begin PBXProject section */
		C6ED1C4C2C3E1B5A00510BFB /* Project object */ = {
			isa = PBXProject;
			attributes = {
				BuildIndependentTargetsInParallel = 1;
				LastSwiftUpdateCheck = 1540;
				LastUpgradeCheck = 1540;
				TargetAttributes = {
					C6C11DF82C41AAEF005D8F06 = {
						CreatedOnToolsVersion = 15.4;
						LastSwiftMigration = 1540;
						TestTargetID = C6ED1C532C3E1B5A00510BFB;
					};
					C6ED1C532C3E1B5A00510BFB = {
						CreatedOnToolsVersion = 15.4;
					};
				};
			};
			buildConfigurationList = C6ED1C4F2C3E1B5A00510BFB /* Build configuration list for PBXProject "Conexa-Challenge" */;
			compatibilityVersion = "Xcode 14.0";
			developmentRegion = en;
			hasScannedForEncodings = 0;
			knownRegions = (
				en,
				Base,
			);
			mainGroup = C6ED1C4B2C3E1B5A00510BFB;
			productRefGroup = C6ED1C552C3E1B5A00510BFB /* Products */;
			projectDirPath = "";
			projectRoot = "";
			targets = (
				C6ED1C532C3E1B5A00510BFB /* Conexa-Challenge */,
				C6C11DF82C41AAEF005D8F06 /* Conexa-ChallengeTests */,
			);
		};
/* End PBXProject section */

/* Begin PBXResourcesBuildPhase section */
		C6C11DF72C41AAEF005D8F06 /* Resources */ = {
			isa = PBXResourcesBuildPhase;
			buildActionMask = 2147483647;
			files = (
			);
			runOnlyForDeploymentPostprocessing = 0;
		};
		C6ED1C522C3E1B5A00510BFB /* Resources */ = {
			isa = PBXResourcesBuildPhase;
			buildActionMask = 2147483647;
			files = (
				C6ED1C612C3E1B5A00510BFB /* Assets.xcassets in Resources */,
				C6ED1C872C3E210000510BFB /* NewsListViewController.xib in Resources */,
				C6ED1C642C3E1B5A00510BFB /* Base in Resources */,
				C6ED1C8B2C3E212000510BFB /* MapListViewController.xib in Resources */,
				C6ED1C8F2C3E213900510BFB /* MapDetailsViewController.xib in Resources */,
				C6ED1C832C3E20EE00510BFB /* NewsDetailsViewController.xib in Resources */,
				C6ED1C782C3E209600510BFB /* HomeViewController.xib in Resources */,
			);
			runOnlyForDeploymentPostprocessing = 0;
		};
/* End PBXResourcesBuildPhase section */

/* Begin PBXShellScriptBuildPhase section */
		8BEA24F7B8F1D33EA46BFF52 /* [CP] Copy Pods Resources */ = {
			isa = PBXShellScriptBuildPhase;
			buildActionMask = 2147483647;
			files = (
			);
			inputFileListPaths = (
				"${PODS_ROOT}/Target Support Files/Pods-Conexa-Challenge/Pods-Conexa-Challenge-resources-${CONFIGURATION}-input-files.xcfilelist",
			);
			name = "[CP] Copy Pods Resources";
			outputFileListPaths = (
				"${PODS_ROOT}/Target Support Files/Pods-Conexa-Challenge/Pods-Conexa-Challenge-resources-${CONFIGURATION}-output-files.xcfilelist",
			);
			runOnlyForDeploymentPostprocessing = 0;
			shellPath = /bin/sh;
			shellScript = "\"${PODS_ROOT}/Target Support Files/Pods-Conexa-Challenge/Pods-Conexa-Challenge-resources.sh\"\n";
			showEnvVarsInLog = 0;
		};
		B3447E935A0AADFA6A200C5B /* [CP] Check Pods Manifest.lock */ = {
			isa = PBXShellScriptBuildPhase;
			buildActionMask = 2147483647;
			files = (
			);
			inputFileListPaths = (
			);
			inputPaths = (
				"${PODS_PODFILE_DIR_PATH}/Podfile.lock",
				"${PODS_ROOT}/Manifest.lock",
			);
			name = "[CP] Check Pods Manifest.lock";
			outputFileListPaths = (
			);
			outputPaths = (
				"$(DERIVED_FILE_DIR)/Pods-Conexa-Challenge-checkManifestLockResult.txt",
			);
			runOnlyForDeploymentPostprocessing = 0;
			shellPath = /bin/sh;
			shellScript = "diff \"${PODS_PODFILE_DIR_PATH}/Podfile.lock\" \"${PODS_ROOT}/Manifest.lock\" > /dev/null\nif [ $? != 0 ] ; then\n    # print error to STDERR\n    echo \"error: The sandbox is not in sync with the Podfile.lock. Run 'pod install' or update your CocoaPods installation.\" >&2\n    exit 1\nfi\n# This output is used by Xcode 'outputs' to avoid re-running this script phase.\necho \"SUCCESS\" > \"${SCRIPT_OUTPUT_FILE_0}\"\n";
			showEnvVarsInLog = 0;
		};
/* End PBXShellScriptBuildPhase section */

/* Begin PBXSourcesBuildPhase section */
		C6C11DF52C41AAEF005D8F06 /* Sources */ = {
			isa = PBXSourcesBuildPhase;
			buildActionMask = 2147483647;
			files = (
				C6C11E282C41E93A005D8F06 /* NewsListViewModelTests.swift in Sources */,
				C6C11E1A2C41E880005D8F06 /* MapDetailsViewModelTests.swift in Sources */,
				C6C11E0C2C41B4A2005D8F06 /* TabBarItemEnumTests.swift in Sources */,
				C6C11E202C41E8CB005D8F06 /* HomeViewControllerTests.swift in Sources */,
				C6C11E222C41E907005D8F06 /* NewsListViewControllerTests.swift in Sources */,
				C6C11E142C41E7D6005D8F06 /* NetworkErrorTests.swift in Sources */,
				C6C11E182C41E861005D8F06 /* MapDataViewModelTests.swift in Sources */,
				C6C11E082C41AE4B005D8F06 /* TabBarControllerTests.swift in Sources */,
				C6C11E0E2C41E599005D8F06 /* UserDataTests.swift in Sources */,
				C6C11E1E2C41E8AB005D8F06 /* MapListViewControllerTests.swift in Sources */,
				C6C11E0A2C41B236005D8F06 /* ConstantsTests.swift in Sources */,
				C6C11E2A2C41E95D005D8F06 /* NewsDataViewModelTests.swift in Sources */,
				C6C11E102C41E7A4005D8F06 /* APIServiceTests.swift in Sources */,
				C6C11E1C2C41E89A005D8F06 /* MapDetailsViewControllerTests.swift in Sources */,
				C6C11E262C41E924005D8F06 /* NewsDetailsViewModelTests.swift in Sources */,
				C6C11E2C2C41E9AB005D8F06 /* NewsDatalTests.swift in Sources */,
				C6C11E122C41E7BA005D8F06 /* RequestModelTests.swift in Sources */,
				C6C11E242C41E913005D8F06 /* NewsDetailsViewControllerTests.swift in Sources */,
				C6C11E162C41E822005D8F06 /* MapListViewModelTests.swift in Sources */,
			);
			runOnlyForDeploymentPostprocessing = 0;
		};
		C6ED1C502C3E1B5A00510BFB /* Sources */ = {
			isa = PBXSourcesBuildPhase;
			buildActionMask = 2147483647;
			files = (
				C6F1407F2C3F45B900FD1083 /* NetworkError.swift in Sources */,
				C6ED1C8E2C3E213900510BFB /* MapDetailsViewController.swift in Sources */,
				C6ED1C772C3E209600510BFB /* HomeViewController.swift in Sources */,
				C6F1406F2C3ED4B700FD1083 /* TabBarController.swift in Sources */,
				C6399BDB2C4074C600A9B859 /* MapDetailsViewModel.swift in Sources */,
				C6ED1C822C3E20EE00510BFB /* NewsDetailsViewController.swift in Sources */,
				C6F1407B2C3F454E00FD1083 /* RequestModel.swift in Sources */,
				C6399BD52C40641B00A9B859 /* NewsDetailsViewModel.swift in Sources */,
				C6ED1C8A2C3E212000510BFB /* MapListViewController.swift in Sources */,
				C6ED1C7D2C3E20C000510BFB /* NewsData.swift in Sources */,
				C6ED1C582C3E1B5A00510BFB /* AppDelegate.swift in Sources */,
				C6ED1C742C3E207E00510BFB /* UserData.swift in Sources */,
				C6399BD92C4074A800A9B859 /* MapDataViewModel.swift in Sources */,
				C6F140832C3F4F8700FD1083 /* NewsDataViewModel.swift in Sources */,
				C6F140812C3F4F7500FD1083 /* NewsListViewModel.swift in Sources */,
				C6F140732C3F1FBE00FD1083 /* APIService.swift in Sources */,
				C6ED1C5A2C3E1B5A00510BFB /* SceneDelegate.swift in Sources */,
				C6399BD72C40748900A9B859 /* MapListsViewModel.swift in Sources */,
				C6F140792C3F3DE000FD1083 /* TabBarItemEnum.swift in Sources */,
				C6C11E302C41F8F7005D8F06 /* APIServiceMock.swift in Sources */,
				C6ED1C862C3E210000510BFB /* NewsListViewController.swift in Sources */,
				C6F140712C3EECEA00FD1083 /* Constants.swift in Sources */,
				C6418C742C40566400B91531 /* FilterType.swift in Sources */,
			);
			runOnlyForDeploymentPostprocessing = 0;
		};
/* End PBXSourcesBuildPhase section */

/* Begin PBXTargetDependency section */
		C6C11DFE2C41AAEF005D8F06 /* PBXTargetDependency */ = {
			isa = PBXTargetDependency;
			target = C6ED1C532C3E1B5A00510BFB /* Conexa-Challenge */;
			targetProxy = C6C11DFD2C41AAEF005D8F06 /* PBXContainerItemProxy */;
		};
/* End PBXTargetDependency section */

/* Begin PBXVariantGroup section */
		C6ED1C622C3E1B5A00510BFB /* LaunchScreen.storyboard */ = {
			isa = PBXVariantGroup;
			children = (
				C6ED1C632C3E1B5A00510BFB /* Base */,
			);
			name = LaunchScreen.storyboard;
			sourceTree = "<group>";
		};
/* End PBXVariantGroup section */

/* Begin XCBuildConfiguration section */
		C6C11E002C41AAEF005D8F06 /* Debug */ = {
			isa = XCBuildConfiguration;
			buildSettings = {
				BUNDLE_LOADER = "$(TEST_HOST)";
				CLANG_ENABLE_MODULES = YES;
				CODE_SIGN_STYLE = Automatic;
				CURRENT_PROJECT_VERSION = 1;
				DEVELOPMENT_TEAM = 4J738273Z4;
				GENERATE_INFOPLIST_FILE = YES;
				IPHONEOS_DEPLOYMENT_TARGET = 17.5;
				MARKETING_VERSION = 1.0;
				PRODUCT_BUNDLE_IDENTIFIER = "com.Otto.Conexa-ChallengeTests";
				PRODUCT_NAME = "$(TARGET_NAME)";
				SWIFT_EMIT_LOC_STRINGS = NO;
				SWIFT_OPTIMIZATION_LEVEL = "-Onone";
				SWIFT_VERSION = 5.0;
				TARGETED_DEVICE_FAMILY = "1,2";
				TEST_HOST = "$(BUILT_PRODUCTS_DIR)/Conexa-Challenge.app/$(BUNDLE_EXECUTABLE_FOLDER_PATH)/Conexa-Challenge";
			};
			name = Debug;
		};
		C6C11E012C41AAEF005D8F06 /* Release */ = {
			isa = XCBuildConfiguration;
			buildSettings = {
				BUNDLE_LOADER = "$(TEST_HOST)";
				CLANG_ENABLE_MODULES = YES;
				CODE_SIGN_STYLE = Automatic;
				CURRENT_PROJECT_VERSION = 1;
				DEVELOPMENT_TEAM = 4J738273Z4;
				GENERATE_INFOPLIST_FILE = YES;
				IPHONEOS_DEPLOYMENT_TARGET = 17.5;
				MARKETING_VERSION = 1.0;
				PRODUCT_BUNDLE_IDENTIFIER = "com.Otto.Conexa-ChallengeTests";
				PRODUCT_NAME = "$(TARGET_NAME)";
				SWIFT_EMIT_LOC_STRINGS = NO;
				SWIFT_VERSION = 5.0;
				TARGETED_DEVICE_FAMILY = "1,2";
				TEST_HOST = "$(BUILT_PRODUCTS_DIR)/Conexa-Challenge.app/$(BUNDLE_EXECUTABLE_FOLDER_PATH)/Conexa-Challenge";
			};
			name = Release;
		};
		C6ED1C662C3E1B5A00510BFB /* Debug */ = {
			isa = XCBuildConfiguration;
			buildSettings = {
				ALWAYS_SEARCH_USER_PATHS = NO;
				ASSETCATALOG_COMPILER_GENERATE_SWIFT_ASSET_SYMBOL_EXTENSIONS = YES;
				CLANG_ANALYZER_NONNULL = YES;
				CLANG_ANALYZER_NUMBER_OBJECT_CONVERSION = YES_AGGRESSIVE;
				CLANG_CXX_LANGUAGE_STANDARD = "gnu++20";
				CLANG_ENABLE_MODULES = YES;
				CLANG_ENABLE_OBJC_ARC = YES;
				CLANG_ENABLE_OBJC_WEAK = YES;
				CLANG_WARN_BLOCK_CAPTURE_AUTORELEASING = YES;
				CLANG_WARN_BOOL_CONVERSION = YES;
				CLANG_WARN_COMMA = YES;
				CLANG_WARN_CONSTANT_CONVERSION = YES;
				CLANG_WARN_DEPRECATED_OBJC_IMPLEMENTATIONS = YES;
				CLANG_WARN_DIRECT_OBJC_ISA_USAGE = YES_ERROR;
				CLANG_WARN_DOCUMENTATION_COMMENTS = YES;
				CLANG_WARN_EMPTY_BODY = YES;
				CLANG_WARN_ENUM_CONVERSION = YES;
				CLANG_WARN_INFINITE_RECURSION = YES;
				CLANG_WARN_INT_CONVERSION = YES;
				CLANG_WARN_NON_LITERAL_NULL_CONVERSION = YES;
				CLANG_WARN_OBJC_IMPLICIT_RETAIN_SELF = YES;
				CLANG_WARN_OBJC_LITERAL_CONVERSION = YES;
				CLANG_WARN_OBJC_ROOT_CLASS = YES_ERROR;
				CLANG_WARN_QUOTED_INCLUDE_IN_FRAMEWORK_HEADER = YES;
				CLANG_WARN_RANGE_LOOP_ANALYSIS = YES;
				CLANG_WARN_STRICT_PROTOTYPES = YES;
				CLANG_WARN_SUSPICIOUS_MOVE = YES;
				CLANG_WARN_UNGUARDED_AVAILABILITY = YES_AGGRESSIVE;
				CLANG_WARN_UNREACHABLE_CODE = YES;
				CLANG_WARN__DUPLICATE_METHOD_MATCH = YES;
				COPY_PHASE_STRIP = NO;
				DEBUG_INFORMATION_FORMAT = dwarf;
				ENABLE_STRICT_OBJC_MSGSEND = YES;
				ENABLE_TESTABILITY = YES;
				ENABLE_USER_SCRIPT_SANDBOXING = YES;
				GCC_C_LANGUAGE_STANDARD = gnu17;
				GCC_DYNAMIC_NO_PIC = NO;
				GCC_NO_COMMON_BLOCKS = YES;
				GCC_OPTIMIZATION_LEVEL = 0;
				GCC_PREPROCESSOR_DEFINITIONS = (
					"DEBUG=1",
					"$(inherited)",
				);
				GCC_WARN_64_TO_32_BIT_CONVERSION = YES;
				GCC_WARN_ABOUT_RETURN_TYPE = YES_ERROR;
				GCC_WARN_UNDECLARED_SELECTOR = YES;
				GCC_WARN_UNINITIALIZED_AUTOS = YES_AGGRESSIVE;
				GCC_WARN_UNUSED_FUNCTION = YES;
				GCC_WARN_UNUSED_VARIABLE = YES;
				IPHONEOS_DEPLOYMENT_TARGET = 17.0;
				LOCALIZATION_PREFERS_STRING_CATALOGS = YES;
				MTL_ENABLE_DEBUG_INFO = INCLUDE_SOURCE;
				MTL_FAST_MATH = YES;
				ONLY_ACTIVE_ARCH = YES;
				SDKROOT = iphoneos;
				SWIFT_ACTIVE_COMPILATION_CONDITIONS = "DEBUG $(inherited)";
				SWIFT_OPTIMIZATION_LEVEL = "-Onone";
			};
			name = Debug;
		};
		C6ED1C672C3E1B5A00510BFB /* Release */ = {
			isa = XCBuildConfiguration;
			buildSettings = {
				ALWAYS_SEARCH_USER_PATHS = NO;
				ASSETCATALOG_COMPILER_GENERATE_SWIFT_ASSET_SYMBOL_EXTENSIONS = YES;
				CLANG_ANALYZER_NONNULL = YES;
				CLANG_ANALYZER_NUMBER_OBJECT_CONVERSION = YES_AGGRESSIVE;
				CLANG_CXX_LANGUAGE_STANDARD = "gnu++20";
				CLANG_ENABLE_MODULES = YES;
				CLANG_ENABLE_OBJC_ARC = YES;
				CLANG_ENABLE_OBJC_WEAK = YES;
				CLANG_WARN_BLOCK_CAPTURE_AUTORELEASING = YES;
				CLANG_WARN_BOOL_CONVERSION = YES;
				CLANG_WARN_COMMA = YES;
				CLANG_WARN_CONSTANT_CONVERSION = YES;
				CLANG_WARN_DEPRECATED_OBJC_IMPLEMENTATIONS = YES;
				CLANG_WARN_DIRECT_OBJC_ISA_USAGE = YES_ERROR;
				CLANG_WARN_DOCUMENTATION_COMMENTS = YES;
				CLANG_WARN_EMPTY_BODY = YES;
				CLANG_WARN_ENUM_CONVERSION = YES;
				CLANG_WARN_INFINITE_RECURSION = YES;
				CLANG_WARN_INT_CONVERSION = YES;
				CLANG_WARN_NON_LITERAL_NULL_CONVERSION = YES;
				CLANG_WARN_OBJC_IMPLICIT_RETAIN_SELF = YES;
				CLANG_WARN_OBJC_LITERAL_CONVERSION = YES;
				CLANG_WARN_OBJC_ROOT_CLASS = YES_ERROR;
				CLANG_WARN_QUOTED_INCLUDE_IN_FRAMEWORK_HEADER = YES;
				CLANG_WARN_RANGE_LOOP_ANALYSIS = YES;
				CLANG_WARN_STRICT_PROTOTYPES = YES;
				CLANG_WARN_SUSPICIOUS_MOVE = YES;
				CLANG_WARN_UNGUARDED_AVAILABILITY = YES_AGGRESSIVE;
				CLANG_WARN_UNREACHABLE_CODE = YES;
				CLANG_WARN__DUPLICATE_METHOD_MATCH = YES;
				COPY_PHASE_STRIP = NO;
				DEBUG_INFORMATION_FORMAT = "dwarf-with-dsym";
				ENABLE_NS_ASSERTIONS = NO;
				ENABLE_STRICT_OBJC_MSGSEND = YES;
				ENABLE_USER_SCRIPT_SANDBOXING = YES;
				GCC_C_LANGUAGE_STANDARD = gnu17;
				GCC_NO_COMMON_BLOCKS = YES;
				GCC_WARN_64_TO_32_BIT_CONVERSION = YES;
				GCC_WARN_ABOUT_RETURN_TYPE = YES_ERROR;
				GCC_WARN_UNDECLARED_SELECTOR = YES;
				GCC_WARN_UNINITIALIZED_AUTOS = YES_AGGRESSIVE;
				GCC_WARN_UNUSED_FUNCTION = YES;
				GCC_WARN_UNUSED_VARIABLE = YES;
				IPHONEOS_DEPLOYMENT_TARGET = 17.0;
				LOCALIZATION_PREFERS_STRING_CATALOGS = YES;
				MTL_ENABLE_DEBUG_INFO = NO;
				MTL_FAST_MATH = YES;
				SDKROOT = iphoneos;
				SWIFT_COMPILATION_MODE = wholemodule;
				VALIDATE_PRODUCT = YES;
			};
			name = Release;
		};
		C6ED1C692C3E1B5A00510BFB /* Debug */ = {
			isa = XCBuildConfiguration;
			baseConfigurationReference = A444001B973779754D31374A /* Pods-Conexa-Challenge.debug.xcconfig */;
			buildSettings = {
				ASSETCATALOG_COMPILER_APPICON_NAME = AppIcon;
				ASSETCATALOG_COMPILER_GLOBAL_ACCENT_COLOR_NAME = AccentColor;
				CODE_SIGN_STYLE = Automatic;
				CURRENT_PROJECT_VERSION = 1;
				DEVELOPMENT_TEAM = 4J738273Z4;
				ENABLE_USER_SCRIPT_SANDBOXING = NO;
				GENERATE_INFOPLIST_FILE = YES;
				INFOPLIST_FILE = "Conexa-Challenge/Info.plist";
				INFOPLIST_KEY_UIApplicationSupportsIndirectInputEvents = YES;
				INFOPLIST_KEY_UILaunchStoryboardName = LaunchScreen;
				INFOPLIST_KEY_UISupportedInterfaceOrientations_iPad = "UIInterfaceOrientationPortrait UIInterfaceOrientationPortraitUpsideDown UIInterfaceOrientationLandscapeLeft UIInterfaceOrientationLandscapeRight";
				INFOPLIST_KEY_UISupportedInterfaceOrientations_iPhone = "UIInterfaceOrientationPortrait UIInterfaceOrientationLandscapeLeft UIInterfaceOrientationLandscapeRight";
				IPHONEOS_DEPLOYMENT_TARGET = 17.0;
				LD_RUNPATH_SEARCH_PATHS = (
					"$(inherited)",
					"@executable_path/Frameworks",
				);
				MARKETING_VERSION = 1.0;
				PRODUCT_BUNDLE_IDENTIFIER = "com.Otto.Conexa-Challenge";
				PRODUCT_NAME = "$(TARGET_NAME)";
				SUPPORTED_PLATFORMS = "iphoneos iphonesimulator";
				SUPPORTS_MACCATALYST = NO;
				SUPPORTS_MAC_DESIGNED_FOR_IPHONE_IPAD = NO;
				SUPPORTS_XR_DESIGNED_FOR_IPHONE_IPAD = NO;
				SWIFT_EMIT_LOC_STRINGS = YES;
				SWIFT_VERSION = 5.0;
				TARGETED_DEVICE_FAMILY = "1,2";
			};
			name = Debug;
		};
		C6ED1C6A2C3E1B5A00510BFB /* Release */ = {
			isa = XCBuildConfiguration;
			baseConfigurationReference = B95ECE7762ACD0FED1DBD986 /* Pods-Conexa-Challenge.release.xcconfig */;
			buildSettings = {
				ASSETCATALOG_COMPILER_APPICON_NAME = AppIcon;
				ASSETCATALOG_COMPILER_GLOBAL_ACCENT_COLOR_NAME = AccentColor;
				CODE_SIGN_STYLE = Automatic;
				CURRENT_PROJECT_VERSION = 1;
				DEVELOPMENT_TEAM = 4J738273Z4;
				ENABLE_USER_SCRIPT_SANDBOXING = NO;
				GENERATE_INFOPLIST_FILE = YES;
				INFOPLIST_FILE = "Conexa-Challenge/Info.plist";
				INFOPLIST_KEY_UIApplicationSupportsIndirectInputEvents = YES;
				INFOPLIST_KEY_UILaunchStoryboardName = LaunchScreen;
				INFOPLIST_KEY_UISupportedInterfaceOrientations_iPad = "UIInterfaceOrientationPortrait UIInterfaceOrientationPortraitUpsideDown UIInterfaceOrientationLandscapeLeft UIInterfaceOrientationLandscapeRight";
				INFOPLIST_KEY_UISupportedInterfaceOrientations_iPhone = "UIInterfaceOrientationPortrait UIInterfaceOrientationLandscapeLeft UIInterfaceOrientationLandscapeRight";
				IPHONEOS_DEPLOYMENT_TARGET = 17.0;
				LD_RUNPATH_SEARCH_PATHS = (
					"$(inherited)",
					"@executable_path/Frameworks",
				);
				MARKETING_VERSION = 1.0;
				PRODUCT_BUNDLE_IDENTIFIER = "com.Otto.Conexa-Challenge";
				PRODUCT_NAME = "$(TARGET_NAME)";
				SUPPORTED_PLATFORMS = "iphoneos iphonesimulator";
				SUPPORTS_MACCATALYST = NO;
				SUPPORTS_MAC_DESIGNED_FOR_IPHONE_IPAD = NO;
				SUPPORTS_XR_DESIGNED_FOR_IPHONE_IPAD = NO;
				SWIFT_EMIT_LOC_STRINGS = YES;
				SWIFT_VERSION = 5.0;
				TARGETED_DEVICE_FAMILY = "1,2";
			};
			name = Release;
		};
/* End XCBuildConfiguration section */

/* Begin XCConfigurationList section */
		C6C11DFF2C41AAEF005D8F06 /* Build configuration list for PBXNativeTarget "Conexa-ChallengeTests" */ = {
			isa = XCConfigurationList;
			buildConfigurations = (
				C6C11E002C41AAEF005D8F06 /* Debug */,
				C6C11E012C41AAEF005D8F06 /* Release */,
			);
			defaultConfigurationIsVisible = 0;
			defaultConfigurationName = Release;
		};
		C6ED1C4F2C3E1B5A00510BFB /* Build configuration list for PBXProject "Conexa-Challenge" */ = {
			isa = XCConfigurationList;
			buildConfigurations = (
				C6ED1C662C3E1B5A00510BFB /* Debug */,
				C6ED1C672C3E1B5A00510BFB /* Release */,
			);
			defaultConfigurationIsVisible = 0;
			defaultConfigurationName = Release;
		};
		C6ED1C682C3E1B5A00510BFB /* Build configuration list for PBXNativeTarget "Conexa-Challenge" */ = {
			isa = XCConfigurationList;
			buildConfigurations = (
				C6ED1C692C3E1B5A00510BFB /* Debug */,
				C6ED1C6A2C3E1B5A00510BFB /* Release */,
			);
			defaultConfigurationIsVisible = 0;
			defaultConfigurationName = Release;
		};
/* End XCConfigurationList section */
	};
	rootObject = C6ED1C4C2C3E1B5A00510BFB /* Project object */;
}
